
Microsoft Visual Studio Solution File, Format Version 12.00
# Visual Studio 15
VisualStudioVersion = 15.0.28010.2026
MinimumVisualStudioVersion = 10.0.40219.1
Project("{FAE04EC0-301F-11D3-BF4B-00C04F79EFBC}") = "www", "www\www.csproj", "{ABD54378-6E0A-4FB3-A723-4E871F89CE3D}"
EndProject
Project("{FAE04EC0-301F-11D3-BF4B-00C04F79EFBC}") = "LibClases", "LibClases\LibClases.csproj", "{52525F95-4F60-406A-BA16-4072480F3416}"
EndProject
Project("{FAE04EC0-301F-11D3-BF4B-00C04F79EFBC}") = "LibClasesTest", "LibClasesTest\LibClasesTest.csproj", "{7AD10060-6093-41E7-A0B8-7C504AACD0AD}"
EndProject
Project("{FAE04EC0-301F-11D3-BF4B-00C04F79EFBC}") = "wwwTest", "wwwTest\wwwTest.csproj", "{0D459E02-E13F-434A-8641-2111AD9E626E}"
EndProject
Global
	GlobalSection(SolutionConfigurationPlatforms) = preSolution
		Debug|Any CPU = Debug|Any CPU
		Release|Any CPU = Release|Any CPU
	EndGlobalSection
	GlobalSection(ProjectConfigurationPlatforms) = postSolution
		{ABD54378-6E0A-4FB3-A723-4E871F89CE3D}.Debug|Any CPU.ActiveCfg = Debug|Any CPU
		{ABD54378-6E0A-4FB3-A723-4E871F89CE3D}.Debug|Any CPU.Build.0 = Debug|Any CPU
		{ABD54378-6E0A-4FB3-A723-4E871F89CE3D}.Release|Any CPU.ActiveCfg = Release|Any CPU
		{ABD54378-6E0A-4FB3-A723-4E871F89CE3D}.Release|Any CPU.Build.0 = Release|Any CPU
		{52525F95-4F60-406A-BA16-4072480F3416}.Debug|Any CPU.ActiveCfg = Debug|Any CPU
		{52525F95-4F60-406A-BA16-4072480F3416}.Debug|Any CPU.Build.0 = Debug|Any CPU
		{52525F95-4F60-406A-BA16-4072480F3416}.Release|Any CPU.ActiveCfg = Release|Any CPU
		{52525F95-4F60-406A-BA16-4072480F3416}.Release|Any CPU.Build.0 = Release|Any CPU
		{7AD10060-6093-41E7-A0B8-7C504AACD0AD}.Debug|Any CPU.ActiveCfg = Debug|Any CPU
		{7AD10060-6093-41E7-A0B8-7C504AACD0AD}.Debug|Any CPU.Build.0 = Debug|Any CPU
		{7AD10060-6093-41E7-A0B8-7C504AACD0AD}.Release|Any CPU.ActiveCfg = Release|Any CPU
		{7AD10060-6093-41E7-A0B8-7C504AACD0AD}.Release|Any CPU.Build.0 = Release|Any CPU
		{0D459E02-E13F-434A-8641-2111AD9E626E}.Debug|Any CPU.ActiveCfg = Debug|Any CPU
		{0D459E02-E13F-434A-8641-2111AD9E626E}.Debug|Any CPU.Build.0 = Debug|Any CPU
		{0D459E02-E13F-434A-8641-2111AD9E626E}.Release|Any CPU.ActiveCfg = Release|Any CPU
		{0D459E02-E13F-434A-8641-2111AD9E626E}.Release|Any CPU.Build.0 = Release|Any CPU
	EndGlobalSection
	GlobalSection(SolutionProperties) = preSolution
		HideSolutionNode = FALSE
	EndGlobalSection
	GlobalSection(ExtensibilityGlobals) = postSolution
		SolutionGuid = {1682A570-9356-474F-AFDB-BB57E605F53F}
	EndGlobalSection
EndGlobal
